
Microsoft Visual Studio Solution File, Format Version 12.00
# Visual Studio Version 17
VisualStudioVersion = 17.0.31903.59
MinimumVisualStudioVersion = 10.0.40219.1
Project("{2150E333-8FDC-42A3-9474-1A3956D46DE8}") = "src", "src", "{827E0CD3-B72D-47B6-A68D-7590B98EB39B}"
EndProject
Project("{FAE04EC0-301F-11D3-BF4B-00C04F79EFBC}") = "API", "src\API\API.csproj", "{B3936FC5-E6B1-4F91-8769-D3E43FCFFBAA}"
EndProject
Project("{FAE04EC0-301F-11D3-BF4B-00C04F79EFBC}") = "Application", "src\Application\Application.csproj", "{59D83D77-582F-4E13-B7E6-FAE16B1621AF}"
EndProject
Project("{FAE04EC0-301F-11D3-BF4B-00C04F79EFBC}") = "Domain", "src\Domain\Domain.csproj", "{B6BE6822-70BC-4E75-BBCD-4BACE474C12F}"
EndProject
Project("{FAE04EC0-301F-11D3-BF4B-00C04F79EFBC}") = "Infrastructure", "src\Infrastructure\Infrastructure.csproj", "{5BED1B56-AA6A-41A5-B65A-4E1FD0B00D49}"
EndProject
Project("{2150E333-8FDC-42A3-9474-1A3956D46DE8}") = "tests", "tests", "{0AB3BF05-4346-4AA6-1389-037BE0695223}"
EndProject
Project("{FAE04EC0-301F-11D3-BF4B-00C04F79EFBC}") = "API.Tests", "tests\API.Tests\API.Tests.csproj", "{0F0419DA-5511-4910-B42A-DE35E3707141}"
EndProject
Project("{FAE04EC0-301F-11D3-BF4B-00C04F79EFBC}") = "Application.Tests", "tests\Application.Tests\Application.Tests.csproj", "{12DCD02A-8E02-45B5-86AC-9DDB86D1DB45}"
EndProject
Project("{FAE04EC0-301F-11D3-BF4B-00C04F79EFBC}") = "Infrastructure.Tests", "tests\Infrastructure.Tests\Infrastructure.Tests.csproj", "{512E6CE6-B6EA-46B9-8671-2C19FE1CD457}"
EndProject
Global
	GlobalSection(SolutionConfigurationPlatforms) = preSolution
		Debug|Any CPU = Debug|Any CPU
		Debug|x64 = Debug|x64
		Debug|x86 = Debug|x86
		Release|Any CPU = Release|Any CPU
		Release|x64 = Release|x64
		Release|x86 = Release|x86
	EndGlobalSection
	GlobalSection(ProjectConfigurationPlatforms) = postSolution
		{B3936FC5-E6B1-4F91-8769-D3E43FCFFBAA}.Debug|Any CPU.ActiveCfg = Debug|Any CPU
		{B3936FC5-E6B1-4F91-8769-D3E43FCFFBAA}.Debug|Any CPU.Build.0 = Debug|Any CPU
		{B3936FC5-E6B1-4F91-8769-D3E43FCFFBAA}.Debug|x64.ActiveCfg = Debug|Any CPU
		{B3936FC5-E6B1-4F91-8769-D3E43FCFFBAA}.Debug|x64.Build.0 = Debug|Any CPU
		{B3936FC5-E6B1-4F91-8769-D3E43FCFFBAA}.Debug|x86.ActiveCfg = Debug|Any CPU
		{B3936FC5-E6B1-4F91-8769-D3E43FCFFBAA}.Debug|x86.Build.0 = Debug|Any CPU
		{B3936FC5-E6B1-4F91-8769-D3E43FCFFBAA}.Release|Any CPU.ActiveCfg = Release|Any CPU
		{B3936FC5-E6B1-4F91-8769-D3E43FCFFBAA}.Release|Any CPU.Build.0 = Release|Any CPU
		{B3936FC5-E6B1-4F91-8769-D3E43FCFFBAA}.Release|x64.ActiveCfg = Release|Any CPU
		{B3936FC5-E6B1-4F91-8769-D3E43FCFFBAA}.Release|x64.Build.0 = Release|Any CPU
		{B3936FC5-E6B1-4F91-8769-D3E43FCFFBAA}.Release|x86.ActiveCfg = Release|Any CPU
		{B3936FC5-E6B1-4F91-8769-D3E43FCFFBAA}.Release|x86.Build.0 = Release|Any CPU
		{59D83D77-582F-4E13-B7E6-FAE16B1621AF}.Debug|Any CPU.ActiveCfg = Debug|Any CPU
		{59D83D77-582F-4E13-B7E6-FAE16B1621AF}.Debug|Any CPU.Build.0 = Debug|Any CPU
		{59D83D77-582F-4E13-B7E6-FAE16B1621AF}.Debug|x64.ActiveCfg = Debug|Any CPU
		{59D83D77-582F-4E13-B7E6-FAE16B1621AF}.Debug|x64.Build.0 = Debug|Any CPU
		{59D83D77-582F-4E13-B7E6-FAE16B1621AF}.Debug|x86.ActiveCfg = Debug|Any CPU
		{59D83D77-582F-4E13-B7E6-FAE16B1621AF}.Debug|x86.Build.0 = Debug|Any CPU
		{59D83D77-582F-4E13-B7E6-FAE16B1621AF}.Release|Any CPU.ActiveCfg = Release|Any CPU
		{59D83D77-582F-4E13-B7E6-FAE16B1621AF}.Release|Any CPU.Build.0 = Release|Any CPU
		{59D83D77-582F-4E13-B7E6-FAE16B1621AF}.Release|x64.ActiveCfg = Release|Any CPU
		{59D83D77-582F-4E13-B7E6-FAE16B1621AF}.Release|x64.Build.0 = Release|Any CPU
		{59D83D77-582F-4E13-B7E6-FAE16B1621AF}.Release|x86.ActiveCfg = Release|Any CPU
		{59D83D77-582F-4E13-B7E6-FAE16B1621AF}.Release|x86.Build.0 = Release|Any CPU
		{B6BE6822-70BC-4E75-BBCD-4BACE474C12F}.Debug|Any CPU.ActiveCfg = Debug|Any CPU
		{B6BE6822-70BC-4E75-BBCD-4BACE474C12F}.Debug|Any CPU.Build.0 = Debug|Any CPU
		{B6BE6822-70BC-4E75-BBCD-4BACE474C12F}.Debug|x64.ActiveCfg = Debug|Any CPU
		{B6BE6822-70BC-4E75-BBCD-4BACE474C12F}.Debug|x64.Build.0 = Debug|Any CPU
		{B6BE6822-70BC-4E75-BBCD-4BACE474C12F}.Debug|x86.ActiveCfg = Debug|Any CPU
		{B6BE6822-70BC-4E75-BBCD-4BACE474C12F}.Debug|x86.Build.0 = Debug|Any CPU
		{B6BE6822-70BC-4E75-BBCD-4BACE474C12F}.Release|Any CPU.ActiveCfg = Release|Any CPU
		{B6BE6822-70BC-4E75-BBCD-4BACE474C12F}.Release|Any CPU.Build.0 = Release|Any CPU
		{B6BE6822-70BC-4E75-BBCD-4BACE474C12F}.Release|x64.ActiveCfg = Release|Any CPU
		{B6BE6822-70BC-4E75-BBCD-4BACE474C12F}.Release|x64.Build.0 = Release|Any CPU
		{B6BE6822-70BC-4E75-BBCD-4BACE474C12F}.Release|x86.ActiveCfg = Release|Any CPU
		{B6BE6822-70BC-4E75-BBCD-4BACE474C12F}.Release|x86.Build.0 = Release|Any CPU
		{5BED1B56-AA6A-41A5-B65A-4E1FD0B00D49}.Debug|Any CPU.ActiveCfg = Debug|Any CPU
		{5BED1B56-AA6A-41A5-B65A-4E1FD0B00D49}.Debug|Any CPU.Build.0 = Debug|Any CPU
		{5BED1B56-AA6A-41A5-B65A-4E1FD0B00D49}.Debug|x64.ActiveCfg = Debug|Any CPU
		{5BED1B56-AA6A-41A5-B65A-4E1FD0B00D49}.Debug|x64.Build.0 = Debug|Any CPU
		{5BED1B56-AA6A-41A5-B65A-4E1FD0B00D49}.Debug|x86.ActiveCfg = Debug|Any CPU
		{5BED1B56-AA6A-41A5-B65A-4E1FD0B00D49}.Debug|x86.Build.0 = Debug|Any CPU
		{5BED1B56-AA6A-41A5-B65A-4E1FD0B00D49}.Release|Any CPU.ActiveCfg = Release|Any CPU
		{5BED1B56-AA6A-41A5-B65A-4E1FD0B00D49}.Release|Any CPU.Build.0 = Release|Any CPU
		{5BED1B56-AA6A-41A5-B65A-4E1FD0B00D49}.Release|x64.ActiveCfg = Release|Any CPU
		{5BED1B56-AA6A-41A5-B65A-4E1FD0B00D49}.Release|x64.Build.0 = Release|Any CPU
		{5BED1B56-AA6A-41A5-B65A-4E1FD0B00D49}.Release|x86.ActiveCfg = Release|Any CPU
		{5BED1B56-AA6A-41A5-B65A-4E1FD0B00D49}.Release|x86.Build.0 = Release|Any CPU
		{0F0419DA-5511-4910-B42A-DE35E3707141}.Debug|Any CPU.ActiveCfg = Debug|Any CPU
		{0F0419DA-5511-4910-B42A-DE35E3707141}.Debug|Any CPU.Build.0 = Debug|Any CPU
		{0F0419DA-5511-4910-B42A-DE35E3707141}.Debug|x64.ActiveCfg = Debug|Any CPU
		{0F0419DA-5511-4910-B42A-DE35E3707141}.Debug|x64.Build.0 = Debug|Any CPU
		{0F0419DA-5511-4910-B42A-DE35E3707141}.Debug|x86.ActiveCfg = Debug|Any CPU
		{0F0419DA-5511-4910-B42A-DE35E3707141}.Debug|x86.Build.0 = Debug|Any CPU
		{0F0419DA-5511-4910-B42A-DE35E3707141}.Release|Any CPU.ActiveCfg = Release|Any CPU
		{0F0419DA-5511-4910-B42A-DE35E3707141}.Release|Any CPU.Build.0 = Release|Any CPU
		{0F0419DA-5511-4910-B42A-DE35E3707141}.Release|x64.ActiveCfg = Release|Any CPU
		{0F0419DA-5511-4910-B42A-DE35E3707141}.Release|x64.Build.0 = Release|Any CPU
		{0F0419DA-5511-4910-B42A-DE35E3707141}.Release|x86.ActiveCfg = Release|Any CPU
		{0F0419DA-5511-4910-B42A-DE35E3707141}.Release|x86.Build.0 = Release|Any CPU
		{12DCD02A-8E02-45B5-86AC-9DDB86D1DB45}.Debug|Any CPU.ActiveCfg = Debug|Any CPU
		{12DCD02A-8E02-45B5-86AC-9DDB86D1DB45}.Debug|Any CPU.Build.0 = Debug|Any CPU
		{12DCD02A-8E02-45B5-86AC-9DDB86D1DB45}.Debug|x64.ActiveCfg = Debug|Any CPU
		{12DCD02A-8E02-45B5-86AC-9DDB86D1DB45}.Debug|x64.Build.0 = Debug|Any CPU
		{12DCD02A-8E02-45B5-86AC-9DDB86D1DB45}.Debug|x86.ActiveCfg = Debug|Any CPU
		{12DCD02A-8E02-45B5-86AC-9DDB86D1DB45}.Debug|x86.Build.0 = Debug|Any CPU
		{12DCD02A-8E02-45B5-86AC-9DDB86D1DB45}.Release|Any CPU.ActiveCfg = Release|Any CPU
		{12DCD02A-8E02-45B5-86AC-9DDB86D1DB45}.Release|Any CPU.Build.0 = Release|Any CPU
		{12DCD02A-8E02-45B5-86AC-9DDB86D1DB45}.Release|x64.ActiveCfg = Release|Any CPU
		{12DCD02A-8E02-45B5-86AC-9DDB86D1DB45}.Release|x64.Build.0 = Release|Any CPU
		{12DCD02A-8E02-45B5-86AC-9DDB86D1DB45}.Release|x86.ActiveCfg = Release|Any CPU
		{12DCD02A-8E02-45B5-86AC-9DDB86D1DB45}.Release|x86.Build.0 = Release|Any CPU
		{512E6CE6-B6EA-46B9-8671-2C19FE1CD457}.Debug|Any CPU.ActiveCfg = Debug|Any CPU
		{512E6CE6-B6EA-46B9-8671-2C19FE1CD457}.Debug|Any CPU.Build.0 = Debug|Any CPU
		{512E6CE6-B6EA-46B9-8671-2C19FE1CD457}.Debug|x64.ActiveCfg = Debug|Any CPU
		{512E6CE6-B6EA-46B9-8671-2C19FE1CD457}.Debug|x64.Build.0 = Debug|Any CPU
		{512E6CE6-B6EA-46B9-8671-2C19FE1CD457}.Debug|x86.ActiveCfg = Debug|Any CPU
		{512E6CE6-B6EA-46B9-8671-2C19FE1CD457}.Debug|x86.Build.0 = Debug|Any CPU
		{512E6CE6-B6EA-46B9-8671-2C19FE1CD457}.Release|Any CPU.ActiveCfg = Release|Any CPU
		{512E6CE6-B6EA-46B9-8671-2C19FE1CD457}.Release|Any CPU.Build.0 = Release|Any CPU
		{512E6CE6-B6EA-46B9-8671-2C19FE1CD457}.Release|x64.ActiveCfg = Release|Any CPU
		{512E6CE6-B6EA-46B9-8671-2C19FE1CD457}.Release|x64.Build.0 = Release|Any CPU
		{512E6CE6-B6EA-46B9-8671-2C19FE1CD457}.Release|x86.ActiveCfg = Release|Any CPU
		{512E6CE6-B6EA-46B9-8671-2C19FE1CD457}.Release|x86.Build.0 = Release|Any CPU
	EndGlobalSection
	GlobalSection(SolutionProperties) = preSolution
		HideSolutionNode = FALSE
	EndGlobalSection
	GlobalSection(NestedProjects) = preSolution
		{B3936FC5-E6B1-4F91-8769-D3E43FCFFBAA} = {827E0CD3-B72D-47B6-A68D-7590B98EB39B}
		{59D83D77-582F-4E13-B7E6-FAE16B1621AF} = {827E0CD3-B72D-47B6-A68D-7590B98EB39B}
		{B6BE6822-70BC-4E75-BBCD-4BACE474C12F} = {827E0CD3-B72D-47B6-A68D-7590B98EB39B}
		{5BED1B56-AA6A-41A5-B65A-4E1FD0B00D49} = {827E0CD3-B72D-47B6-A68D-7590B98EB39B}
		{0F0419DA-5511-4910-B42A-DE35E3707141} = {0AB3BF05-4346-4AA6-1389-037BE0695223}
		{12DCD02A-8E02-45B5-86AC-9DDB86D1DB45} = {0AB3BF05-4346-4AA6-1389-037BE0695223}
		{512E6CE6-B6EA-46B9-8671-2C19FE1CD457} = {0AB3BF05-4346-4AA6-1389-037BE0695223}
	EndGlobalSection
EndGlobal
